Microsoft Visual Studio Solution File, Format Version 12.00
# Visual Studio 15
VisualStudioVersion = 15.0.26430.16
MinimumVisualStudioVersion = 10.0.40219.1
Project("{2150E333-8FDC-42A3-9474-1A3956D46DE8}") = "Framework", "Framework", "{198F89A1-EB5D-4E5E-8C56-014D1EC15740}"
EndProject
Project("{FAE04EC0-301F-11D3-BF4B-00C04F79EFBC}") = "Repository.Pattern", "Framework\Repository.Pattern\Repository.Pattern.csproj", "{6E682A14-C872-4813-B620-76E108DEA683}"
EndProject
Project("{FAE04EC0-301F-11D3-BF4B-00C04F79EFBC}") = "Repository.Pattern.Ef6", "Framework\Repository.Pattern.Ef6\Repository.Pattern.Ef6.csproj", "{F68A1D19-93FB-47C1-A22B-42BEA3E4FD8C}"
EndProject
Project("{FAE04EC0-301F-11D3-BF4B-00C04F79EFBC}") = "Service.Pattern", "Framework\Service.Pattern\Service.Pattern.csproj", "{86F86650-EE3C-4372-8FEC-40C2FE015022}"
EndProject
Project("{FAE04EC0-301F-11D3-BF4B-00C04F79EFBC}") = "LTI.IMF.Common", "LTI.IMF.Common\LTI.IMF.Common.csproj", "{C54259F1-B16D-4FCE-BB2B-B31B8484345F}"
EndProject
Project("{FAE04EC0-301F-11D3-BF4B-00C04F79EFBC}") = "LTI.IMF.WebApi", "LTI.IMF.WebApi\LTI.IMF.WebApi.csproj", "{FC0B57AC-BC0F-4EA5-B288-13671996FAAC}"
EndProject
Project("{2150E333-8FDC-42A3-9474-1A3956D46DE8}") = "UnitTests", "UnitTests", "{1D24C658-C146-4B3E-9DAD-91A5B907D07F}"
EndProject
Project("{FAE04EC0-301F-11D3-BF4B-00C04F79EFBC}") = "LTI.IMF.Service.Test", "UnitTests\LTI.IMF.Service.Test\LTI.IMF.Service.Test.csproj", "{06034694-3A3C-4429-9BC7-8B086128CD68}"
EndProject
Project("{FAE04EC0-301F-11D3-BF4B-00C04F79EFBC}") = "LTI.IMF.WebApi.Tests", "UnitTests\LTI.IMF.WebApi.Tests\LTI.IMF.WebApi.Tests.csproj", "{08532155-D745-4D02-ABDF-9DA431FEB827}"
EndProject
Project("{2150E333-8FDC-42A3-9474-1A3956D46DE8}") = "Solution Items", "Solution Items", "{2CF5F5ED-42E9-4BFB-B3CC-3A829D422174}"
	ProjectSection(SolutionItems) = preProject
		ReadMe.txt = ReadMe.txt
	EndProjectSection
EndProject
Project("{FAE04EC0-301F-11D3-BF4B-00C04F79EFBC}") = "LTI.IMF.Web", "LTI.IMF.Web\LTI.IMF.Web.csproj", "{1A6E673B-8B4F-4A35-AE7E-44D61D41B68F}"
EndProject
Project("{FAE04EC0-301F-11D3-BF4B-00C04F79EFBC}") = "LTI.IMF.Interfaces", "LTI.IMF.Interfaces\LTI.IMF.Interfaces.csproj", "{A646F305-742F-4844-8FBE-34707EA76569}"
EndProject
Project("{FAE04EC0-301F-11D3-BF4B-00C04F79EFBC}") = "LT.IMF.Data", "LT.IMF.Data\LT.IMF.Data.csproj", "{50FA89CB-4A45-4322-877D-A3B3732806CE}"
EndProject
Project("{FAE04EC0-301F-11D3-BF4B-00C04F79EFBC}") = "LTI.IMF.Entities", "LTI.IMF.Entities\LTI.IMF.Entities.csproj", "{03BA30C6-3390-404E-B76B-37837F333A6B}"
EndProject
Project("{FAE04EC0-301F-11D3-BF4B-00C04F79EFBC}") = "LTI.IMF.ApiService", "LTI.IMF.ApiService\LTI.IMF.ApiService.csproj", "{279D1689-3FA5-4B90-9E2F-7C22166044D7}"
EndProject
Project("{FAE04EC0-301F-11D3-BF4B-00C04F79EFBC}") = "LTI.IMF.Business", "LTI.IMF.Business\LTI.IMF.Business.csproj", "{AA0B56A8-B583-4FA0-9C7F-869AA9F8C1B3}"
EndProject
Project("{FAE04EC0-301F-11D3-BF4B-00C04F79EFBC}") = "AreaerWebApi", "AreaerWebApi\AreaerWebApi.csproj", "{3C699760-FB2C-4C20-9F58-FC30A8B15FD7}"
EndProject
Global
	GlobalSection(SolutionConfigurationPlatforms) = preSolution
		Debug|Any CPU = Debug|Any CPU
		Debug|x86 = Debug|x86
		Release|Any CPU = Release|Any CPU
		Release|x86 = Release|x86
	EndGlobalSection
	GlobalSection(ProjectConfigurationPlatforms) = postSolution
		{6E682A14-C872-4813-B620-76E108DEA683}.Debug|Any CPU.ActiveCfg = Debug|Any CPU
		{6E682A14-C872-4813-B620-76E108DEA683}.Debug|Any CPU.Build.0 = Debug|Any CPU
		{6E682A14-C872-4813-B620-76E108DEA683}.Debug|x86.ActiveCfg = Debug|x86
		{6E682A14-C872-4813-B620-76E108DEA683}.Debug|x86.Build.0 = Debug|x86
		{6E682A14-C872-4813-B620-76E108DEA683}.Release|Any CPU.ActiveCfg = Release|Any CPU
		{6E682A14-C872-4813-B620-76E108DEA683}.Release|Any CPU.Build.0 = Release|Any CPU
		{6E682A14-C872-4813-B620-76E108DEA683}.Release|x86.ActiveCfg = Release|x86
		{6E682A14-C872-4813-B620-76E108DEA683}.Release|x86.Build.0 = Release|x86
		{F68A1D19-93FB-47C1-A22B-42BEA3E4FD8C}.Debug|Any CPU.ActiveCfg = Debug|Any CPU
		{F68A1D19-93FB-47C1-A22B-42BEA3E4FD8C}.Debug|Any CPU.Build.0 = Debug|Any CPU
		{F68A1D19-93FB-47C1-A22B-42BEA3E4FD8C}.Debug|x86.ActiveCfg = Debug|Any CPU
		{F68A1D19-93FB-47C1-A22B-42BEA3E4FD8C}.Debug|x86.Build.0 = Debug|Any CPU
		{F68A1D19-93FB-47C1-A22B-42BEA3E4FD8C}.Release|Any CPU.ActiveCfg = Release|Any CPU
		{F68A1D19-93FB-47C1-A22B-42BEA3E4FD8C}.Release|Any CPU.Build.0 = Release|Any CPU
		{F68A1D19-93FB-47C1-A22B-42BEA3E4FD8C}.Release|x86.ActiveCfg = Release|Any CPU
		{F68A1D19-93FB-47C1-A22B-42BEA3E4FD8C}.Release|x86.Build.0 = Release|Any CPU
		{86F86650-EE3C-4372-8FEC-40C2FE015022}.Debug|Any CPU.ActiveCfg = Debug|Any CPU
		{86F86650-EE3C-4372-8FEC-40C2FE015022}.Debug|Any CPU.Build.0 = Debug|Any CPU
		{86F86650-EE3C-4372-8FEC-40C2FE015022}.Debug|x86.ActiveCfg = Debug|Any CPU
		{86F86650-EE3C-4372-8FEC-40C2FE015022}.Debug|x86.Build.0 = Debug|Any CPU
		{86F86650-EE3C-4372-8FEC-40C2FE015022}.Release|Any CPU.ActiveCfg = Release|Any CPU
		{86F86650-EE3C-4372-8FEC-40C2FE015022}.Release|Any CPU.Build.0 = Release|Any CPU
		{86F86650-EE3C-4372-8FEC-40C2FE015022}.Release|x86.ActiveCfg = Release|Any CPU
		{86F86650-EE3C-4372-8FEC-40C2FE015022}.Release|x86.Build.0 = Release|Any CPU
		{C54259F1-B16D-4FCE-BB2B-B31B8484345F}.Debug|Any CPU.ActiveCfg = Debug|Any CPU
		{C54259F1-B16D-4FCE-BB2B-B31B8484345F}.Debug|Any CPU.Build.0 = Debug|Any CPU
		{C54259F1-B16D-4FCE-BB2B-B31B8484345F}.Debug|x86.ActiveCfg = Debug|Any CPU
		{C54259F1-B16D-4FCE-BB2B-B31B8484345F}.Debug|x86.Build.0 = Debug|Any CPU
		{C54259F1-B16D-4FCE-BB2B-B31B8484345F}.Release|Any CPU.ActiveCfg = Release|Any CPU
		{C54259F1-B16D-4FCE-BB2B-B31B8484345F}.Release|Any CPU.Build.0 = Release|Any CPU
		{C54259F1-B16D-4FCE-BB2B-B31B8484345F}.Release|x86.ActiveCfg = Release|Any CPU
		{C54259F1-B16D-4FCE-BB2B-B31B8484345F}.Release|x86.Build.0 = Release|Any CPU
		{FC0B57AC-BC0F-4EA5-B288-13671996FAAC}.Debug|Any CPU.ActiveCfg = Debug|Any CPU
		{FC0B57AC-BC0F-4EA5-B288-13671996FAAC}.Debug|Any CPU.Build.0 = Debug|Any CPU
		{FC0B57AC-BC0F-4EA5-B288-13671996FAAC}.Debug|x86.ActiveCfg = Debug|Any CPU
		{FC0B57AC-BC0F-4EA5-B288-13671996FAAC}.Debug|x86.Build.0 = Debug|Any CPU
		{FC0B57AC-BC0F-4EA5-B288-13671996FAAC}.Release|Any CPU.ActiveCfg = Release|Any CPU
		{FC0B57AC-BC0F-4EA5-B288-13671996FAAC}.Release|Any CPU.Build.0 = Release|Any CPU
		{FC0B57AC-BC0F-4EA5-B288-13671996FAAC}.Release|x86.ActiveCfg = Release|Any CPU
		{FC0B57AC-BC0F-4EA5-B288-13671996FAAC}.Release|x86.Build.0 = Release|Any CPU
		{06034694-3A3C-4429-9BC7-8B086128CD68}.Debug|Any CPU.ActiveCfg = Debug|Any CPU
		{06034694-3A3C-4429-9BC7-8B086128CD68}.Debug|Any CPU.Build.0 = Debug|Any CPU
		{06034694-3A3C-4429-9BC7-8B086128CD68}.Debug|x86.ActiveCfg = Debug|Any CPU
		{06034694-3A3C-4429-9BC7-8B086128CD68}.Debug|x86.Build.0 = Debug|Any CPU
		{06034694-3A3C-4429-9BC7-8B086128CD68}.Release|Any CPU.ActiveCfg = Release|Any CPU
		{06034694-3A3C-4429-9BC7-8B086128CD68}.Release|Any CPU.Build.0 = Release|Any CPU
		{06034694-3A3C-4429-9BC7-8B086128CD68}.Release|x86.ActiveCfg = Release|Any CPU
		{06034694-3A3C-4429-9BC7-8B086128CD68}.Release|x86.Build.0 = Release|Any CPU
		{08532155-D745-4D02-ABDF-9DA431FEB827}.Debug|Any CPU.ActiveCfg = Debug|Any CPU
		{08532155-D745-4D02-ABDF-9DA431FEB827}.Debug|Any CPU.Build.0 = Debug|Any CPU
		{08532155-D745-4D02-ABDF-9DA431FEB827}.Debug|x86.ActiveCfg = Debug|Any CPU
		{08532155-D745-4D02-ABDF-9DA431FEB827}.Debug|x86.Build.0 = Debug|Any CPU
		{08532155-D745-4D02-ABDF-9DA431FEB827}.Release|Any CPU.ActiveCfg = Release|Any CPU
		{08532155-D745-4D02-ABDF-9DA431FEB827}.Release|Any CPU.Build.0 = Release|Any CPU
		{08532155-D745-4D02-ABDF-9DA431FEB827}.Release|x86.ActiveCfg = Release|Any CPU
		{08532155-D745-4D02-ABDF-9DA431FEB827}.Release|x86.Build.0 = Release|Any CPU
		{1A6E673B-8B4F-4A35-AE7E-44D61D41B68F}.Debug|Any CPU.ActiveCfg = Debug|Any CPU
		{1A6E673B-8B4F-4A35-AE7E-44D61D41B68F}.Debug|Any CPU.Build.0 = Debug|Any CPU
		{1A6E673B-8B4F-4A35-AE7E-44D61D41B68F}.Debug|x86.ActiveCfg = Debug|Any CPU
		{1A6E673B-8B4F-4A35-AE7E-44D61D41B68F}.Debug|x86.Build.0 = Debug|Any CPU
		{1A6E673B-8B4F-4A35-AE7E-44D61D41B68F}.Release|Any CPU.ActiveCfg = Release|Any CPU
		{1A6E673B-8B4F-4A35-AE7E-44D61D41B68F}.Release|x86.ActiveCfg = Release|Any CPU
		{1A6E673B-8B4F-4A35-AE7E-44D61D41B68F}.Release|x86.Build.0 = Release|Any CPU
		{A646F305-742F-4844-8FBE-34707EA76569}.Debug|Any CPU.ActiveCfg = Debug|Any CPU
		{A646F305-742F-4844-8FBE-34707EA76569}.Debug|Any CPU.Build.0 = Debug|Any CPU
		{A646F305-742F-4844-8FBE-34707EA76569}.Debug|x86.ActiveCfg = Debug|Any CPU
		{A646F305-742F-4844-8FBE-34707EA76569}.Debug|x86.Build.0 = Debug|Any CPU
		{A646F305-742F-4844-8FBE-34707EA76569}.Release|Any CPU.ActiveCfg = Release|Any CPU
		{A646F305-742F-4844-8FBE-34707EA76569}.Release|Any CPU.Build.0 = Release|Any CPU
		{A646F305-742F-4844-8FBE-34707EA76569}.Release|x86.ActiveCfg = Release|Any CPU
		{A646F305-742F-4844-8FBE-34707EA76569}.Release|x86.Build.0 = Release|Any CPU
		{50FA89CB-4A45-4322-877D-A3B3732806CE}.Debug|Any CPU.ActiveCfg = Debug|Any CPU
		{50FA89CB-4A45-4322-877D-A3B3732806CE}.Debug|Any CPU.Build.0 = Debug|Any CPU
		{50FA89CB-4A45-4322-877D-A3B3732806CE}.Debug|x86.ActiveCfg = Debug|Any CPU
		{50FA89CB-4A45-4322-877D-A3B3732806CE}.Debug|x86.Build.0 = Debug|Any CPU
		{50FA89CB-4A45-4322-877D-A3B3732806CE}.Release|Any CPU.ActiveCfg = Release|Any CPU
		{50FA89CB-4A45-4322-877D-A3B3732806CE}.Release|Any CPU.Build.0 = Release|Any CPU
		{50FA89CB-4A45-4322-877D-A3B3732806CE}.Release|x86.ActiveCfg = Release|Any CPU
		{50FA89CB-4A45-4322-877D-A3B3732806CE}.Release|x86.Build.0 = Release|Any CPU
		{03BA30C6-3390-404E-B76B-37837F333A6B}.Debug|Any CPU.ActiveCfg = Debug|Any CPU
		{03BA30C6-3390-404E-B76B-37837F333A6B}.Debug|Any CPU.Build.0 = Debug|Any CPU
		{03BA30C6-3390-404E-B76B-37837F333A6B}.Debug|x86.ActiveCfg = Debug|Any CPU
		{03BA30C6-3390-404E-B76B-37837F333A6B}.Debug|x86.Build.0 = Debug|Any CPU
		{03BA30C6-3390-404E-B76B-37837F333A6B}.Release|Any CPU.ActiveCfg = Release|Any CPU
		{03BA30C6-3390-404E-B76B-37837F333A6B}.Release|Any CPU.Build.0 = Release|Any CPU
		{03BA30C6-3390-404E-B76B-37837F333A6B}.Release|x86.ActiveCfg = Release|Any CPU
		{03BA30C6-3390-404E-B76B-37837F333A6B}.Release|x86.Build.0 = Release|Any CPU
		{279D1689-3FA5-4B90-9E2F-7C22166044D7}.Debug|Any CPU.ActiveCfg = Debug|Any CPU
		{279D1689-3FA5-4B90-9E2F-7C22166044D7}.Debug|Any CPU.Build.0 = Debug|Any CPU
		{279D1689-3FA5-4B90-9E2F-7C22166044D7}.Debug|x86.ActiveCfg = Debug|Any CPU
		{279D1689-3FA5-4B90-9E2F-7C22166044D7}.Debug|x86.Build.0 = Debug|Any CPU
		{279D1689-3FA5-4B90-9E2F-7C22166044D7}.Release|Any CPU.ActiveCfg = Release|Any CPU
		{279D1689-3FA5-4B90-9E2F-7C22166044D7}.Release|Any CPU.Build.0 = Release|Any CPU
		{279D1689-3FA5-4B90-9E2F-7C22166044D7}.Release|x86.ActiveCfg = Release|Any CPU
		{279D1689-3FA5-4B90-9E2F-7C22166044D7}.Release|x86.Build.0 = Release|Any CPU
		{AA0B56A8-B583-4FA0-9C7F-869AA9F8C1B3}.Debug|Any CPU.ActiveCfg = Debug|Any CPU
		{AA0B56A8-B583-4FA0-9C7F-869AA9F8C1B3}.Debug|Any CPU.Build.0 = Debug|Any CPU
		{AA0B56A8-B583-4FA0-9C7F-869AA9F8C1B3}.Debug|x86.ActiveCfg = Debug|Any CPU
		{AA0B56A8-B583-4FA0-9C7F-869AA9F8C1B3}.Debug|x86.Build.0 = Debug|Any CPU
		{AA0B56A8-B583-4FA0-9C7F-869AA9F8C1B3}.Release|Any CPU.ActiveCfg = Release|Any CPU
		{AA0B56A8-B583-4FA0-9C7F-869AA9F8C1B3}.Release|Any CPU.Build.0 = Release|Any CPU
		{AA0B56A8-B583-4FA0-9C7F-869AA9F8C1B3}.Release|x86.ActiveCfg = Release|Any CPU
		{AA0B56A8-B583-4FA0-9C7F-869AA9F8C1B3}.Release|x86.Build.0 = Release|Any CPU
		{3C699760-FB2C-4C20-9F58-FC30A8B15FD7}.Debug|Any CPU.ActiveCfg = Debug|Any CPU
		{3C699760-FB2C-4C20-9F58-FC30A8B15FD7}.Debug|Any CPU.Build.0 = Debug|Any CPU
		{3C699760-FB2C-4C20-9F58-FC30A8B15FD7}.Debug|x86.ActiveCfg = Debug|Any CPU
		{3C699760-FB2C-4C20-9F58-FC30A8B15FD7}.Debug|x86.Build.0 = Debug|Any CPU
		{3C699760-FB2C-4C20-9F58-FC30A8B15FD7}.Release|Any CPU.ActiveCfg = Release|Any CPU
		{3C699760-FB2C-4C20-9F58-FC30A8B15FD7}.Release|Any CPU.Build.0 = Release|Any CPU
		{3C699760-FB2C-4C20-9F58-FC30A8B15FD7}.Release|x86.ActiveCfg = Release|Any CPU
		{3C699760-FB2C-4C20-9F58-FC30A8B15FD7}.Release|x86.Build.0 = Release|Any CPU
	EndGlobalSection
	GlobalSection(SolutionProperties) = preSolution
		HideSolutionNode = FALSE
	EndGlobalSection
	GlobalSection(NestedProjects) = preSolution
		{6E682A14-C872-4813-B620-76E108DEA683} = {198F89A1-EB5D-4E5E-8C56-014D1EC15740}
		{F68A1D19-93FB-47C1-A22B-42BEA3E4FD8C} = {198F89A1-EB5D-4E5E-8C56-014D1EC15740}
		{86F86650-EE3C-4372-8FEC-40C2FE015022} = {198F89A1-EB5D-4E5E-8C56-014D1EC15740}
		{06034694-3A3C-4429-9BC7-8B086128CD68} = {1D24C658-C146-4B3E-9DAD-91A5B907D07F}
		{08532155-D745-4D02-ABDF-9DA431FEB827} = {1D24C658-C146-4B3E-9DAD-91A5B907D07F}
	EndGlobalSection
	GlobalSection(ExtensibilityGlobals) = postSolution
		SolutionGuid = {553AEDEF-B1DB-47AD-8159-99518DAF5643}
	EndGlobalSection
EndGlobal
